{
    "_readme": [
        "This file locks the dependencies of your project to a known state",
        "Read more about it at https://getcomposer.org/doc/01-basic-usage.md#composer-lock-the-lock-file",
        "This file is @generated automatically"
    ],
    "hash": "b467919cf99aeb61c3ee0aabc17527ef",
    "content-hash": "bb088f3c3a8d7dc4bce713b805b0859e",
    "packages": [
        {
            "name": "anorgan/deployer-common",
            "version": "dev-master",
            "source": {
                "type": "git",
                "url": "https://github.com/anorgan/deployer-common.git",
                "reference": "5bafb041cc00d4d1b2f9322f0960ded8e52451af"
            },
            "dist": {
                "type": "zip",
                "url": "https://api.github.com/repos/anorgan/deployer-common/zipball/5bafb041cc00d4d1b2f9322f0960ded8e52451af",
                "reference": "5bafb041cc00d4d1b2f9322f0960ded8e52451af",
                "shasum": ""
            },
            "require": {
                "herzult/php-ssh": "^1.1",
                "php": ">=5.4.0",
                "psr/log": "^1.0.0",
                "symfony/process": "^2.7"
            },
            "require-dev": {
                "fabpot/php-cs-fixer": "^1.9",
                "phpspec/phpspec": "^2.0"
            },
            "type": "library",
            "autoload": {
                "psr-4": {
                    "Deployer\\Common\\": "src/"
                }
            },
            "notification-url": "https://packagist.org/downloads/",
            "license": [
                "MIT"
            ],
            "authors": [
                {
                    "name": "Marin Crnković",
                    "email": "marin.crnkovic@gmail.com"
                }
            ],
            "description": "Common package for deployer CLI and web interface",
            "time": "2015-10-01 23:01:32"
        },
        {
            "name": "herzult/php-ssh",
            "version": "v1.1.1",
            "source": {
                "type": "git",
                "url": "https://github.com/Herzult/php-ssh.git",
                "reference": "d569d15483a5f9218700313cd21c50090aa93351"
            },
            "dist": {
                "type": "zip",
                "url": "https://api.github.com/repos/Herzult/php-ssh/zipball/d569d15483a5f9218700313cd21c50090aa93351",
                "reference": "d569d15483a5f9218700313cd21c50090aa93351",
                "shasum": ""
            },
            "require": {
                "ext-ssh2": "*",
                "php": ">=5.3.2"
            },
            "require-dev": {
                "phpunit/phpunit": "3.7.*",
                "symfony/filesystem": "~2.4"
            },
            "type": "library",
            "extra": {
                "branch-alias": {
                    "dev-master": "1.x-dev"
                }
            },
            "autoload": {
                "psr-0": {
                    "Ssh": "src/"
                }
            },
            "notification-url": "https://packagist.org/downloads/",
            "license": [
                "MIT"
            ],
            "authors": [
                {
                    "name": "The contributors",
                    "homepage": "http://github.com/Herzult/php-ssh/contributors"
                },
                {
                    "name": "Antoine Hérault",
                    "homepage": "https://github.com/Herzult"
                }
            ],
            "description": "Provides an object-oriented wrapper for the php ssh2 extension.",
            "keywords": [
                "ssh",
                "ssh2"
            ],
            "time": "2015-03-17 22:03:22"
        },
        {
            "name": "psr/log",
            "version": "1.0.0",
            "source": {
                "type": "git",
                "url": "https://github.com/php-fig/log.git",
                "reference": "fe0936ee26643249e916849d48e3a51d5f5e278b"
            },
            "dist": {
                "type": "zip",
                "url": "https://api.github.com/repos/php-fig/log/zipball/fe0936ee26643249e916849d48e3a51d5f5e278b",
                "reference": "fe0936ee26643249e916849d48e3a51d5f5e278b",
                "shasum": ""
            },
            "type": "library",
            "autoload": {
                "psr-0": {
                    "Psr\\Log\\": ""
                }
            },
            "notification-url": "https://packagist.org/downloads/",
            "license": [
                "MIT"
            ],
            "authors": [
                {
                    "name": "PHP-FIG",
                    "homepage": "http://www.php-fig.org/"
                }
            ],
            "description": "Common interface for logging libraries",
            "keywords": [
                "log",
                "psr",
                "psr-3"
            ],
            "time": "2012-12-21 11:40:51"
        },
        {
            "name": "symfony/console",
            "version": "v2.7.5",
            "source": {
                "type": "git",
                "url": "https://github.com/symfony/console.git",
                "reference": "06cb17c013a82f94a3d840682b49425cd00a2161"
            },
            "dist": {
                "type": "zip",
                "url": "https://api.github.com/repos/symfony/console/zipball/06cb17c013a82f94a3d840682b49425cd00a2161",
                "reference": "06cb17c013a82f94a3d840682b49425cd00a2161",
                "shasum": ""
            },
            "require": {
                "php": ">=5.3.9"
            },
            "require-dev": {
                "psr/log": "~1.0",
                "symfony/event-dispatcher": "~2.1",
                "symfony/phpunit-bridge": "~2.7",
                "symfony/process": "~2.1"
            },
            "suggest": {
                "psr/log": "For using the console logger",
                "symfony/event-dispatcher": "",
                "symfony/process": ""
            },
            "type": "library",
            "extra": {
                "branch-alias": {
                    "dev-master": "2.7-dev"
                }
            },
            "autoload": {
                "psr-4": {
                    "Symfony\\Component\\Console\\": ""
                }
            },
            "notification-url": "https://packagist.org/downloads/",
            "license": [
                "MIT"
            ],
            "authors": [
                {
                    "name": "Fabien Potencier",
                    "email": "fabien@symfony.com"
                },
                {
                    "name": "Symfony Community",
                    "homepage": "https://symfony.com/contributors"
                }
            ],
            "description": "Symfony Console Component",
            "homepage": "https://symfony.com",
            "time": "2015-09-25 08:32:23"
        },
        {
            "name": "symfony/process",
            "version": "v2.7.5",
            "source": {
                "type": "git",
                "url": "https://github.com/symfony/process.git",
                "reference": "b27c8e317922cd3cdd3600850273cf6b82b2e8e9"
            },
            "dist": {
                "type": "zip",
                "url": "https://api.github.com/repos/symfony/process/zipball/b27c8e317922cd3cdd3600850273cf6b82b2e8e9",
                "reference": "b27c8e317922cd3cdd3600850273cf6b82b2e8e9",
                "shasum": ""
            },
            "require": {
                "php": ">=5.3.9"
            },
            "require-dev": {
                "symfony/phpunit-bridge": "~2.7"
            },
            "type": "library",
            "extra": {
                "branch-alias": {
                    "dev-master": "2.7-dev"
                }
            },
            "autoload": {
                "psr-4": {
                    "Symfony\\Component\\Process\\": ""
                }
            },
            "notification-url": "https://packagist.org/downloads/",
            "license": [
                "MIT"
            ],
            "authors": [
                {
                    "name": "Fabien Potencier",
                    "email": "fabien@symfony.com"
                },
                {
                    "name": "Symfony Community",
                    "homepage": "https://symfony.com/contributors"
                }
            ],
            "description": "Symfony Process Component",
            "homepage": "https://symfony.com",
            "time": "2015-09-19 19:59:23"
        },
        {
            "name": "symfony/yaml",
            "version": "v2.7.5",
            "source": {
                "type": "git",
                "url": "https://github.com/symfony/yaml.git",
                "reference": "31cb2ad0155c95b88ee55fe12bc7ff92232c1770"
            },
            "dist": {
                "type": "zip",
                "url": "https://api.github.com/repos/symfony/yaml/zipball/31cb2ad0155c95b88ee55fe12bc7ff92232c1770",
                "reference": "31cb2ad0155c95b88ee55fe12bc7ff92232c1770",
                "shasum": ""
            },
            "require": {
                "php": ">=5.3.9"
            },
            "require-dev": {
                "symfony/phpunit-bridge": "~2.7"
            },
            "type": "library",
            "extra": {
                "branch-alias": {
                    "dev-master": "2.7-dev"
                }
            },
            "autoload": {
                "psr-4": {
                    "Symfony\\Component\\Yaml\\": ""
                }
            },
            "notification-url": "https://packagist.org/downloads/",
            "license": [
                "MIT"
            ],
            "authors": [
                {
                    "name": "Fabien Potencier",
                    "email": "fabien@symfony.com"
                },
                {
                    "name": "Symfony Community",
                    "homepage": "https://symfony.com/contributors"
                }
            ],
            "description": "Symfony Yaml Component",
            "homepage": "https://symfony.com",
            "time": "2015-09-14 14:14:09"
        }
    ],
    "packages-dev": [
        {
            "name": "fabpot/php-cs-fixer",
            "version": "v1.10",
            "source": {
                "type": "git",
                "url": "https://github.com/FriendsOfPHP/PHP-CS-Fixer.git",
                "reference": "8e21b4fb32c4618a425817d9f0daf3d57a9808d1"
            },
            "dist": {
                "type": "zip",
                "url": "https://api.github.com/repos/FriendsOfPHP/PHP-CS-Fixer/zipball/8e21b4fb32c4618a425817d9f0daf3d57a9808d1",
                "reference": "8e21b4fb32c4618a425817d9f0daf3d57a9808d1",
                "shasum": ""
            },
            "require": {
                "ext-tokenizer": "*",
                "php": ">=5.3.6",
                "sebastian/diff": "~1.1",
                "symfony/console": "~2.3",
                "symfony/event-dispatcher": "~2.1",
                "symfony/filesystem": "~2.1",
                "symfony/finder": "~2.1",
                "symfony/process": "~2.3",
                "symfony/stopwatch": "~2.5"
            },
            "require-dev": {
                "satooshi/php-coveralls": "0.7.*@dev"
            },
            "bin": [
                "php-cs-fixer"
            ],
            "type": "application",
            "autoload": {
                "psr-4": {
                    "Symfony\\CS\\": "Symfony/CS/"
                }
            },
            "notification-url": "https://packagist.org/downloads/",
            "license": [
                "MIT"
            ],
            "authors": [
                {
                    "name": "Dariusz Rumiński",
                    "email": "dariusz.ruminski@gmail.com"
                },
                {
                    "name": "Fabien Potencier",
                    "email": "fabien@symfony.com"
                }
            ],
            "description": "A tool to automatically fix PHP code style",
            "time": "2015-07-27 20:56:10"
        },
        {
            "name": "sebastian/diff",
            "version": "1.3.0",
            "source": {
                "type": "git",
                "url": "https://github.com/sebastianbergmann/diff.git",
                "reference": "863df9687835c62aa423a22412d26fa2ebde3fd3"
            },
            "dist": {
                "type": "zip",
                "url": "https://api.github.com/repos/sebastianbergmann/diff/zipball/863df9687835c62aa423a22412d26fa2ebde3fd3",
                "reference": "863df9687835c62aa423a22412d26fa2ebde3fd3",
                "shasum": ""
            },
            "require": {
                "php": ">=5.3.3"
            },
            "require-dev": {
                "phpunit/phpunit": "~4.2"
            },
            "type": "library",
            "extra": {
                "branch-alias": {
                    "dev-master": "1.3-dev"
                }
            },
            "autoload": {
                "classmap": [
                    "src/"
                ]
            },
            "notification-url": "https://packagist.org/downloads/",
            "license": [
                "BSD-3-Clause"
            ],
            "authors": [
                {
                    "name": "Kore Nordmann",
                    "email": "mail@kore-nordmann.de"
                },
                {
                    "name": "Sebastian Bergmann",
                    "email": "sebastian@phpunit.de"
                }
            ],
            "description": "Diff implementation",
            "homepage": "http://www.github.com/sebastianbergmann/diff",
            "keywords": [
                "diff"
            ],
            "time": "2015-02-22 15:13:53"
        },
        {
            "name": "symfony/event-dispatcher",
            "version": "v2.7.5",
            "source": {
                "type": "git",
                "url": "https://github.com/symfony/event-dispatcher.git",
                "reference": "ae4dcc2a8d3de98bd794167a3ccda1311597c5d9"
            },
            "dist": {
                "type": "zip",
                "url": "https://api.github.com/repos/symfony/event-dispatcher/zipball/ae4dcc2a8d3de98bd794167a3ccda1311597c5d9",
                "reference": "ae4dcc2a8d3de98bd794167a3ccda1311597c5d9",
                "shasum": ""
            },
            "require": {
                "php": ">=5.3.9"
            },
            "require-dev": {
                "psr/log": "~1.0",
                "symfony/config": "~2.0,>=2.0.5",
                "symfony/dependency-injection": "~2.6",
                "symfony/expression-language": "~2.6",
                "symfony/phpunit-bridge": "~2.7",
                "symfony/stopwatch": "~2.3"
            },
            "suggest": {
                "symfony/dependency-injection": "",
                "symfony/http-kernel": ""
            },
            "type": "library",
            "extra": {
                "branch-alias": {
                    "dev-master": "2.7-dev"
                }
            },
            "autoload": {
                "psr-4": {
                    "Symfony\\Component\\EventDispatcher\\": ""
                }
            },
            "notification-url": "https://packagist.org/downloads/",
            "license": [
                "MIT"
            ],
            "authors": [
                {
                    "name": "Fabien Potencier",
                    "email": "fabien@symfony.com"
                },
                {
                    "name": "Symfony Community",
                    "homepage": "https://symfony.com/contributors"
                }
            ],
            "description": "Symfony EventDispatcher Component",
            "homepage": "https://symfony.com",
            "time": "2015-09-22 13:49:29"
        },
        {
            "name": "symfony/filesystem",
            "version": "v2.7.5",
            "source": {
                "type": "git",
                "url": "https://github.com/symfony/filesystem.git",
                "reference": "a17f8a17c20e8614c15b8e116e2f4bcde102cfab"
            },
            "dist": {
                "type": "zip",
                "url": "https://api.github.com/repos/symfony/filesystem/zipball/a17f8a17c20e8614c15b8e116e2f4bcde102cfab",
                "reference": "a17f8a17c20e8614c15b8e116e2f4bcde102cfab",
                "shasum": ""
            },
            "require": {
                "php": ">=5.3.9"
            },
            "require-dev": {
                "symfony/phpunit-bridge": "~2.7"
            },
            "type": "library",
            "extra": {
                "branch-alias": {
                    "dev-master": "2.7-dev"
                }
            },
            "autoload": {
                "psr-4": {
                    "Symfony\\Component\\Filesystem\\": ""
                }
            },
            "notification-url": "https://packagist.org/downloads/",
            "license": [
                "MIT"
            ],
            "authors": [
                {
                    "name": "Fabien Potencier",
                    "email": "fabien@symfony.com"
                },
                {
                    "name": "Symfony Community",
                    "homepage": "https://symfony.com/contributors"
                }
            ],
            "description": "Symfony Filesystem Component",
            "homepage": "https://symfony.com",
            "time": "2015-09-09 17:42:36"
        },
        {
            "name": "symfony/finder",
            "version": "v2.7.5",
            "source": {
                "type": "git",
                "url": "https://github.com/symfony/finder.git",
                "reference": "8262ab605973afbb3ef74b945daabf086f58366f"
            },
            "dist": {
                "type": "zip",
                "url": "https://api.github.com/repos/symfony/finder/zipball/8262ab605973afbb3ef74b945daabf086f58366f",
                "reference": "8262ab605973afbb3ef74b945daabf086f58366f",
                "shasum": ""
            },
            "require": {
                "php": ">=5.3.9"
            },
            "require-dev": {
                "symfony/phpunit-bridge": "~2.7"
            },
            "type": "library",
            "extra": {
                "branch-alias": {
                    "dev-master": "2.7-dev"
                }
            },
            "autoload": {
                "psr-4": {
                    "Symfony\\Component\\Finder\\": ""
                }
            },
            "notification-url": "https://packagist.org/downloads/",
            "license": [
                "MIT"
            ],
            "authors": [
                {
                    "name": "Fabien Potencier",
                    "email": "fabien@symfony.com"
                },
                {
                    "name": "Symfony Community",
                    "homepage": "https://symfony.com/contributors"
                }
            ],
            "description": "Symfony Finder Component",
            "homepage": "https://symfony.com",
            "time": "2015-09-19 19:59:23"
        },
        {
            "name": "symfony/stopwatch",
            "version": "v2.7.5",
            "source": {
                "type": "git",
                "url": "https://github.com/symfony/stopwatch.git",
                "reference": "08dd97b3f22ab9ee658cd16e6758f8c3c404336e"
            },
            "dist": {
                "type": "zip",
                "url": "https://api.github.com/repos/symfony/stopwatch/zipball/08dd97b3f22ab9ee658cd16e6758f8c3c404336e",
                "reference": "08dd97b3f22ab9ee658cd16e6758f8c3c404336e",
                "shasum": ""
            },
            "require": {
                "php": ">=5.3.9"
            },
            "require-dev": {
                "symfony/phpunit-bridge": "~2.7"
            },
            "type": "library",
            "extra": {
                "branch-alias": {
                    "dev-master": "2.7-dev"
                }
            },
            "autoload": {
                "psr-4": {
                    "Symfony\\Component\\Stopwatch\\": ""
                }
            },
            "notification-url": "https://packagist.org/downloads/",
            "license": [
                "MIT"
            ],
            "authors": [
                {
                    "name": "Fabien Potencier",
                    "email": "fabien@symfony.com"
                },
                {
                    "name": "Symfony Community",
                    "homepage": "https://symfony.com/contributors"
                }
            ],
            "description": "Symfony Stopwatch Component",
            "homepage": "https://symfony.com",
            "time": "2015-09-22 13:49:29"
        }
    ],
    "aliases": [],
    "minimum-stability": "stable",
    "stability-flags": {
        "anorgan/deployer-common": 20
    },
    "prefer-stable": false,
    "prefer-lowest": false,
    "platform": {
        "php": ">=5.4.0"
    },
    "platform-dev": []
}
